// !$*UTF8*$!
{
	archiveVersion = 1;
	classes = {
	};
	objectVersion = 56;
	objects = {

/* Begin PBXBuildFile section */
		A1234567890ABCDEF1234567890ABCDEF1234567 /* BruosApp.swift in Sources */ = {isa = PBXBuildFile; fileRef = A1234567890ABCDEF1234567890ABCDEF1234566 /* BruosApp.swift */; };
		A1234567890ABCDEF1234567890ABCDEF1234569 /* ContentView.swift in Sources */ = {isa = PBXBuildFile; fileRef = A1234567890ABCDEF1234567890ABCDEF1234568 /* ContentView.swift */; };
		A1234567890ABCDEF1234567890ABCDEF123456B /* FileItem.swift in Sources */ = {isa = PBXBuildFile; fileRef = A1234567890ABCDEF1234567890ABCDEF123456A /* FileItem.swift */; };
		A1234567890ABCDEF1234567890ABCDEF123456D /* RenameSettings.swift in Sources */ = {isa = PBXBuildFile; fileRef = A1234567890ABCDEF1234567890ABCDEF123456C /* RenameSettings.swift */; };
		A1234567890ABCDEF1234567890ABCDEF123456F /* FileManager.swift in Sources */ = {isa = PBXBuildFile; fileRef = A1234567890ABCDEF1234567890ABCDEF123456E /* FileManager.swift */; };
		A1234567890ABCDEF1234567890ABCDEF1234571 /* FileExplorerView.swift in Sources */ = {isa = PBXBuildFile; fileRef = A1234567890ABCDEF1234567890ABCDEF1234570 /* FileExplorerView.swift */; };
		A1234567890ABCDEF1234567890ABCDEF1234573 /* FileListView.swift in Sources */ = {isa = PBXBuildFile; fileRef = A1234567890ABCDEF1234567890ABCDEF1234572 /* FileListView.swift */; };
		A1234567890ABCDEF1234567890ABCDEF1234575 /* RenameSettingsView.swift in Sources */ = {isa = PBXBuildFile; fileRef = A1234567890ABCDEF1234567890ABCDEF1234574 /* RenameSettingsView.swift */; };
		A1234567890ABCDEF1234567890ABCDEF1234577 /* RenameEngine.swift in Sources */ = {isa = PBXBuildFile; fileRef = A1234567890ABCDEF1234567890ABCDEF1234576 /* RenameEngine.swift */; };
		A1234567890ABCDEF1234567890ABCDEF1234585 /* Assets.xcassets in Resources */ = {isa = PBXBuildFile; fileRef = A1234567890ABCDEF1234567890ABCDEF1234582 /* Assets.xcassets */; };
		A1234567890ABCDEF1234567890ABCDEF1234586 /* Preview Assets.xcassets in Resources */ = {isa = PBXBuildFile; fileRef = A1234567890ABCDEF1234567890ABCDEF1234583 /* Preview Assets.xcassets */; };
/* End PBXBuildFile section */

/* Begin PBXFileReference section */
		A1234567890ABCDEF1234567890ABCDEF1234563 /* Bruos.app */ = {isa = PBXFileReference; explicitFileType = wrapper.application; includeInIndex = 0; path = Bruos.app; sourceTree = BUILT_PRODUCTS_DIR; };
		A1234567890ABCDEF1234567890ABCDEF1234566 /* BruosApp.swift */ = {isa = PBXFileReference; lastKnownFileType = sourcecode.swift; path = BruosApp.swift; sourceTree = "<group>"; };
		A1234567890ABCDEF1234567890ABCDEF1234568 /* ContentView.swift */ = {isa = PBXFileReference; lastKnownFileType = sourcecode.swift; path = ContentView.swift; sourceTree = "<group>"; };
		A1234567890ABCDEF1234567890ABCDEF123456A /* FileItem.swift */ = {isa = PBXFileReference; lastKnownFileType = sourcecode.swift; path = FileItem.swift; sourceTree = "<group>"; };
		A1234567890ABCDEF1234567890ABCDEF123456C /* RenameSettings.swift */ = {isa = PBXFileReference; lastKnownFileType = sourcecode.swift; path = RenameSettings.swift; sourceTree = "<group>"; };
		A1234567890ABCDEF1234567890ABCDEF123456E /* FileManager.swift */ = {isa = PBXFileReference; lastKnownFileType = sourcecode.swift; path = FileManager.swift; sourceTree = "<group>"; };
		A1234567890ABCDEF1234567890ABCDEF1234570 /* FileExplorerView.swift */ = {isa = PBXFileReference; lastKnownFileType = sourcecode.swift; path = FileExplorerView.swift; sourceTree = "<group>"; };
		A1234567890ABCDEF1234567890ABCDEF1234572 /* FileListView.swift */ = {isa = PBXFileReference; lastKnownFileType = sourcecode.swift; path = FileListView.swift; sourceTree = "<group>"; };
		A1234567890ABCDEF1234567890ABCDEF1234574 /* RenameSettingsView.swift */ = {isa = PBXFileReference; lastKnownFileType = sourcecode.swift; path = RenameSettingsView.swift; sourceTree = "<group>"; };
		A1234567890ABCDEF1234567890ABCDEF1234576 /* RenameEngine.swift */ = {isa = PBXFileReference; lastKnownFileType = sourcecode.swift; path = RenameEngine.swift; sourceTree = "<group>"; };
		A1234567890ABCDEF1234567890ABCDEF1234581 /* Bruos.entitlements */ = {isa = PBXFileReference; lastKnownFileType = text.plist.entitlements; path = "Bruos.entitlements"; sourceTree = "<group>"; };
		A1234567890ABCDEF1234567890ABCDEF1234582 /* Assets.xcassets */ = {isa = PBXFileReference; lastKnownFileType = folder.assetcatalog; path = Assets.xcassets; sourceTree = "<group>"; };
		A1234567890ABCDEF1234567890ABCDEF1234583 /* Preview Assets.xcassets */ = {isa = PBXFileReference; lastKnownFileType = folder.assetcatalog; path = "Preview Assets.xcassets"; sourceTree = "<group>"; };
/* End PBXFileReference section */

/* Begin PBXFrameworksBuildPhase section */
		A1234567890ABCDEF1234567890ABCDEF1234560 /* Frameworks */ = {
			isa = PBXFrameworksBuildPhase;
			buildActionMask = 2147483647;
			files = (
			);
			runOnlyForDeploymentPostprocessing = 0;
		};
/* End PBXFrameworksBuildPhase section */

/* Begin PBXGroup section */
		A1234567890ABCDEF1234567890ABCDEF123455A /* Bruos */ = {
			isa = PBXGroup;
			children = (
				A1234567890ABCDEF1234567890ABCDEF1234565 /* Bruos */,
				A1234567890ABCDEF1234567890ABCDEF1234564 /* Products */,
			);
			sourceTree = "<group>";
		};
		A1234567890ABCDEF1234567890ABCDEF1234564 /* Products */ = {
			isa = PBXGroup;
			children = (
				A1234567890ABCDEF1234567890ABCDEF1234563 /* Bruos.app */,
			);
			name = Products;
			sourceTree = "<group>";
		};
		A1234567890ABCDEF1234567890ABCDEF1234565 /* Bruos */ = {
			isa = PBXGroup;
			children = (
				A1234567890ABCDEF1234567890ABCDEF1234566 /* BruosApp.swift */,
				A1234567890ABCDEF1234567890ABCDEF1234568 /* ContentView.swift */,
				A1234567890ABCDEF1234567890ABCDEF1234578 /* Models */,
				A1234567890ABCDEF1234567890ABCDEF1234579 /* ViewModels */,
				A1234567890ABCDEF1234567890ABCDEF123457A /* Views */,
				A1234567890ABCDEF1234567890ABCDEF123457B /* Utils */,
				A1234567890ABCDEF1234567890ABCDEF1234581 /* Bruos.entitlements */,
				A1234567890ABCDEF1234567890ABCDEF1234582 /* Assets.xcassets */,
				A1234567890ABCDEF1234567890ABCDEF1234584 /* Preview Content */,
			);
			path = Bruos;
			sourceTree = "<group>";
		};
		A1234567890ABCDEF1234567890ABCDEF1234584 /* Preview Content */ = {
			isa = PBXGroup;
			children = (
				A1234567890ABCDEF1234567890ABCDEF1234583 /* Preview Assets.xcassets */,
			);
			path = "Preview Content";
			sourceTree = "<group>";
		};
		A1234567890ABCDEF1234567890ABCDEF1234578 /* Models */ = {
			isa = PBXGroup;
			children = (
				A1234567890ABCDEF1234567890ABCDEF123456A /* FileItem.swift */,
				A1234567890ABCDEF1234567890ABCDEF123456C /* RenameSettings.swift */,
			);
			path = Models;
			sourceTree = "<group>";
		};
		A1234567890ABCDEF1234567890ABCDEF1234579 /* ViewModels */ = {
			isa = PBXGroup;
			children = (
				A1234567890ABCDEF1234567890ABCDEF123456E /* FileManager.swift */,
			);
			path = ViewModels;
			sourceTree = "<group>";
		};
		A1234567890ABCDEF1234567890ABCDEF123457A /* Views */ = {
			isa = PBXGroup;
			children = (
				A1234567890ABCDEF1234567890ABCDEF1234570 /* FileExplorerView.swift */,
				A1234567890ABCDEF1234567890ABCDEF1234572 /* FileListView.swift */,
				A1234567890ABCDEF1234567890ABCDEF1234574 /* RenameSettingsView.swift */,
			);
			path = Views;
			sourceTree = "<group>";
		};
		A1234567890ABCDEF1234567890ABCDEF123457B /* Utils */ = {
			isa = PBXGroup;
			children = (
				A1234567890ABCDEF1234567890ABCDEF1234576 /* RenameEngine.swift */,
			);
			path = Utils;
			sourceTree = "<group>";
		};
/* End PBXGroup section */

/* Begin PBXNativeTarget section */
		A1234567890ABCDEF1234567890ABCDEF1234562 /* Bruos */ = {
			isa = PBXNativeTarget;
			buildConfigurationList = A1234567890ABCDEF1234567890ABCDEF123457C /* Build configuration list for PBXNativeTarget "Bruos" */;
			buildPhases = (
				A1234567890ABCDEF1234567890ABCDEF123455F /* Sources */,
				A1234567890ABCDEF1234567890ABCDEF1234560 /* Frameworks */,
				A1234567890ABCDEF1234567890ABCDEF1234561 /* Resources */,
			);
			buildRules = (
			);
			dependencies = (
			);
			name = Bruos;
			productName = Bruos;
			productReference = A1234567890ABCDEF1234567890ABCDEF1234563 /* Bruos.app */;
			productType = "com.apple.product-type.application";
		};
/* End PBXNativeTarget section */

/* Begin PBXProject section */
		A1234567890ABCDEF1234567890ABCDEF123455B /* Project object */ = {
			isa = PBXProject;
			attributes = {
				BuildIndependentTargetsInParallel = 1;
				LastSwiftUpdateCheck = 1500;
				LastUpgradeCheck = 1500;
				TargetAttributes = {
					A1234567890ABCDEF1234567890ABCDEF1234562 = {
						CreatedOnToolsVersion = 15.0;
					};
				};
			};
			buildConfigurationList = A1234567890ABCDEF1234567890ABCDEF123455E /* Build configuration list for PBXProject "Bruos" */;
			compatibilityVersion = "Xcode 14.0";
			developmentRegion = en;
			hasScannedForEncodings = 0;
			knownRegions = (
				en,
				Base,
			);
			mainGroup = A1234567890ABCDEF1234567890ABCDEF123455A;
			productRefGroup = A1234567890ABCDEF1234567890ABCDEF1234564 /* Products */;
			projectDirPath = "";
			projectRoot = "";
			targets = (
				A1234567890ABCDEF1234567890ABCDEF1234562 /* Bruos */,
			);
		};
/* End PBXProject section */

/* Begin PBXResourcesBuildPhase section */
		A1234567890ABCDEF1234567890ABCDEF1234561 /* Resources */ = {
			isa = PBXResourcesBuildPhase;
			buildActionMask = 2147483647;
			files = (
				A1234567890ABCDEF1234567890ABCDEF1234585 /* Assets.xcassets in Resources */,
				A1234567890ABCDEF1234567890ABCDEF1234586 /* Preview Assets.xcassets in Resources */,
			);
			runOnlyForDeploymentPostprocessing = 0;
		};
/* End PBXResourcesBuildPhase section */

/* Begin PBXSourcesBuildPhase section */
		A1234567890ABCDEF1234567890ABCDEF123455F /* Sources */ = {
			isa = PBXSourcesBuildPhase;
			buildActionMask = 2147483647;
			files = (
				A1234567890ABCDEF1234567890ABCDEF1234569 /* ContentView.swift in Sources */,
				A1234567890ABCDEF1234567890ABCDEF123456B /* FileItem.swift in Sources */,
				A1234567890ABCDEF1234567890ABCDEF123456D /* RenameSettings.swift in Sources */,
				A1234567890ABCDEF1234567890ABCDEF123456F /* FileManager.swift in Sources */,
				A1234567890ABCDEF1234567890ABCDEF1234571 /* FileExplorerView.swift in Sources */,
				A1234567890ABCDEF1234567890ABCDEF1234573 /* FileListView.swift in Sources */,
				A1234567890ABCDEF1234567890ABCDEF1234575 /* RenameSettingsView.swift in Sources */,
				A1234567890ABCDEF1234567890ABCDEF1234577 /* RenameEngine.swift in Sources */,
				A1234567890ABCDEF1234567890ABCDEF1234567 /* BruosApp.swift in Sources */,
			);
			runOnlyForDeploymentPostprocessing = 0;
		};
/* End PBXSourcesBuildPhase section */

/* Begin XCBuildConfiguration section */
		A1234567890ABCDEF1234567890ABCDEF123457D /* Debug */ = {
			isa = XCBuildConfiguration;
			buildSettings = {
				ALWAYS_SEARCH_USER_PATHS = NO;
				ASSETCATALOG_COMPILER_GENERATE_SWIFT_ASSET_SYMBOL_EXTENSIONS = YES;
				CLANG_ANALYZER_NONNULL = YES;
				CLANG_ANALYZER_NUMBER_OBJECT_CONVERSION = YES;
				CLANG_CXX_LANGUAGE_STANDARD = "gnu++20";
				CLANG_ENABLE_MODULES = YES;
				CLANG_ENABLE_OBJC_ARC = YES;
				CLANG_ENABLE_OBJC_WEAK = YES;
				CLANG_WARN_BLOCK_CAPTURE_AUTORELEASING = YES;
				CLANG_WARN_BOOL_CONVERSION = YES;
				CLANG_WARN_COMMA = YES;
				CLANG_WARN_CONST_CONVERSION = YES;
				CLANG_WARN_DEPRECATED_OBJC_IMPLEMENTATIONS = YES;
				CLANG_WARN_DIRECT_OBJC_ISA_USAGE = YES_ERROR;
				CLANG_WARN_DOCUMENTATION_COMMENTS = YES;
				CLANG_WARN_EMPTY_BODY = YES;
				CLANG_WARN_ENUM_CONVERSION = YES;
				CLANG_WARN_INFINITE_RECURSION = YES;
				CLANG_WARN_INT_CONVERSION = YES;
				CLANG_WARN_NON_LITERAL_NULL_CONVERSION = YES;
				CLANG_WARN_OBJC_IMPLICIT_RETAIN_SELF = YES;
				CLANG_WARN_OBJC_LITERAL_CONVERSION = YES;
				CLANG_WARN_OBJC_ROOT_CLASS = YES_ERROR;
				CLANG_WARN_QUOTED_INCLUDE_IN_FRAMEWORK_HEADER = YES;
				CLANG_WARN_RANGE_LOOP_ANALYSIS = YES;
				CLANG_WARN_STRICT_PROTOTYPES = YES;
				CLANG_WARN_SUSPICIOUS_MOVE = YES;
				CLANG_WARN_UNGUARDED_AVAILABILITY = YES_AGGRESSIVE;
				CLANG_WARN_UNREACHABLE_CODE = YES;
				CLANG_WARN__DUPLICATE_METHOD_MATCH = YES;
				COPY_PHASE_STRIP = NO;
				DEBUG_INFORMATION_FORMAT = dwarf;
				ENABLE_STRICT_OBJC_MSGSEND = YES;
				ENABLE_TESTABILITY = YES;
				ENABLE_USER_SCRIPT_SANDBOXING = YES;
				GCC_C_LANGUAGE_STANDARD = gnu17;
				GCC_DYNAMIC_NO_PIC = NO;
				GCC_NO_COMMON_BLOCKS = YES;
				GCC_OPTIMIZATION_LEVEL = 0;
				GCC_PREPROCESSOR_DEFINITIONS = (
					"DEBUG=1",
					"$(inherited)",
				);
				GCC_WARN_64_TO_32_BIT_CONVERSION = YES;
				GCC_WARN_ABOUT_RETURN_TYPE = YES_ERROR;
				GCC_WARN_UNDECLARED_SELECTOR = YES;
				GCC_WARN_UNINITIALIZED_AUTOS = YES_AGGRESSIVE;
				GCC_WARN_UNUSED_FUNCTION = YES;
				GCC_WARN_UNUSED_VARIABLE = YES;
				LOCALIZATION_PREFERS_STRING_CATALOGS = YES;
				MACOSX_DEPLOYMENT_TARGET = 13.0;
				MTL_ENABLE_DEBUG_INFO = INCLUDE_SOURCE;
				MTL_FAST_MATH = YES;
				ONLY_ACTIVE_ARCH = YES;
				SDKROOT = macosx;
				SWIFT_ACTIVE_COMPILATION_CONDITIONS = "DEBUG $(inherited)";
				SWIFT_OPTIMIZATION_LEVEL = "-Onone";
			};
			name = Debug;
		};
		A1234567890ABCDEF1234567890ABCDEF123457E /* Release */ = {
			isa = XCBuildConfiguration;
			buildSettings = {
				ALWAYS_SEARCH_USER_PATHS = NO;
				ASSETCATALOG_COMPILER_GENERATE_SWIFT_ASSET_SYMBOL_EXTENSIONS = YES;
				CLANG_ANALYZER_NONNULL = YES;
				CLANG_ANALYZER_NUMBER_OBJECT_CONVERSION = YES;
				CLANG_CXX_LANGUAGE_STANDARD = "gnu++20";
				CLANG_ENABLE_MODULES = YES;
				CLANG_ENABLE_OBJC_ARC = YES;
				CLANG_ENABLE_OBJC_WEAK = YES;
				CLANG_WARN_BLOCK_CAPTURE_AUTORELEASING = YES;
				CLANG_WARN_BOOL_CONVERSION = YES;
				CLANG_WARN_COMMA = YES;
				CLANG_WARN_CONST_CONVERSION = YES;
				CLANG_WARN_DEPRECATED_OBJC_IMPLEMENTATIONS = YES;
				CLANG_WARN_DIRECT_OBJC_ISA_USAGE = YES_ERROR;
				CLANG_WARN_DOCUMENTATION_COMMENTS = YES;
				CLANG_WARN_EMPTY_BODY = YES;
				CLANG_WARN_ENUM_CONVERSION = YES;
				CLANG_WARN_INFINITE_RECURSION = YES;
				CLANG_WARN_INT_CONVERSION = YES;
				CLANG_WARN_NON_LITERAL_NULL_CONVERSION = YES;
				CLANG_WARN_OBJC_IMPLICIT_RETAIN_SELF = YES;
				CLANG_WARN_OBJC_LITERAL_CONVERSION = YES;
				CLANG_WARN_OBJC_ROOT_CLASS = YES_ERROR;
				CLANG_WARN_QUOTED_INCLUDE_IN_FRAMEWORK_HEADER = YES;
				CLANG_WARN_RANGE_LOOP_ANALYSIS = YES;
				CLANG_WARN_STRICT_PROTOTYPES = YES;
				CLANG_WARN_SUSPICIOUS_MOVE = YES;
				CLANG_WARN_UNGUARDED_AVAILABILITY = YES_AGGRESSIVE;
				CLANG_WARN_UNREACHABLE_CODE = YES;
				CLANG_WARN__DUPLICATE_METHOD_MATCH = YES;
				COPY_PHASE_STRIP = NO;
				DEBUG_INFORMATION_FORMAT = "dwarf-with-dsym";
				ENABLE_NS_ASSERTIONS = NO;
				ENABLE_STRICT_OBJC_MSGSEND = YES;
				ENABLE_USER_SCRIPT_SANDBOXING = YES;
				GCC_C_LANGUAGE_STANDARD = gnu17;
				GCC_NO_COMMON_BLOCKS = YES;
				GCC_WARN_64_TO_32_BIT_CONVERSION = YES;
				GCC_WARN_ABOUT_RETURN_TYPE = YES_ERROR;
				GCC_WARN_UNDECLARED_SELECTOR = YES;
				GCC_WARN_UNINITIALIZED_AUTOS = YES_AGGRESSIVE;
				GCC_WARN_UNUSED_FUNCTION = YES;
				GCC_WARN_UNUSED_VARIABLE = YES;
				LOCALIZATION_PREFERS_STRING_CATALOGS = YES;
				MACOSX_DEPLOYMENT_TARGET = 13.0;
				MTL_ENABLE_DEBUG_INFO = NO;
				MTL_FAST_MATH = YES;
				SDKROOT = macosx;
				SWIFT_COMPILATION_MODE = wholemodule;
			};
			name = Release;
		};
		A1234567890ABCDEF1234567890ABCDEF123457F /* Debug */ = {
			isa = XCBuildConfiguration;
			buildSettings = {
				ASSETCATALOG_COMPILER_APPICON_NAME = AppIcon;
				ASSETCATALOG_COMPILER_GLOBAL_ACCENT_COLOR_NAME = AccentColor;
				CODE_SIGN_ENTITLEMENTS = Bruos/Bruos.entitlements;
				CODE_SIGN_STYLE = Automatic;
				COMBINE_HIDPI_IMAGES = YES;
				CURRENT_PROJECT_VERSION = 1;
				DEVELOPMENT_ASSET_PATHS = "\"Bruos/Preview Content\"";
				ENABLE_PREVIEWS = YES;
				GENERATE_INFOPLIST_FILE = YES;
				INFOPLIST_KEY_NSHumanReadableCopyright = "";
				LD_RUNPATH_SEARCH_PATHS = (
					"$(inherited)",
					"@executable_path/../Frameworks",
				);
				MARKETING_VERSION = 1.0;
				PRODUCT_BUNDLE_IDENTIFIER = com.bruos.app;
				PRODUCT_NAME = "$(TARGET_NAME)";
				SWIFT_EMIT_LOC_STRINGS = YES;
				SWIFT_VERSION = 5.0;
			};
			name = Debug;
		};
		A1234567890ABCDEF1234567890ABCDEF1234580 /* Release */ = {
			isa = XCBuildConfiguration;
			buildSettings = {
				ASSETCATALOG_COMPILER_APPICON_NAME = AppIcon;
				ASSETCATALOG_COMPILER_GLOBAL_ACCENT_COLOR_NAME = AccentColor;
				CODE_SIGN_ENTITLEMENTS = Bruos/Bruos.entitlements;
				CODE_SIGN_STYLE = Automatic;
				COMBINE_HIDPI_IMAGES = YES;
				CURRENT_PROJECT_VERSION = 1;
				DEVELOPMENT_ASSET_PATHS = "\"Bruos/Preview Content\"";
				ENABLE_PREVIEWS = YES;
				GENERATE_INFOPLIST_FILE = YES;
				INFOPLIST_KEY_NSHumanReadableCopyright = "";
				LD_RUNPATH_SEARCH_PATHS = (
					"$(inherited)",
					"@executable_path/../Frameworks",
				);
				MARKETING_VERSION = 1.0;
				PRODUCT_BUNDLE_IDENTIFIER = com.bruos.app;
				PRODUCT_NAME = "$(TARGET_NAME)";
				SWIFT_EMIT_LOC_STRINGS = YES;
				SWIFT_VERSION = 5.0;
			};
			name = Release;
		};
/* End XCBuildConfiguration section */

/* Begin XCConfigurationList section */
		A1234567890ABCDEF1234567890ABCDEF123455E /* Build configuration list for PBXProject "Bruos" */ = {
			isa = XCConfigurationList;
			buildConfigurations = (
				A1234567890ABCDEF1234567890ABCDEF123457D /* Debug */,
				A1234567890ABCDEF1234567890ABCDEF123457E /* Release */,
			);
			defaultConfigurationIsVisible = 0;
			defaultConfigurationName = Release;
		};
		A1234567890ABCDEF1234567890ABCDEF123457C /* Build configuration list for PBXNativeTarget "Bruos" */ = {
			isa = XCConfigurationList;
			buildConfigurations = (
				A1234567890ABCDEF1234567890ABCDEF123457F /* Debug */,
				A1234567890ABCDEF1234567890ABCDEF1234580 /* Release */,
			);
			defaultConfigurationIsVisible = 0;
			defaultConfigurationName = Release;
		};
/* End XCConfigurationList section */
	};
	rootObject = A1234567890ABCDEF1234567890ABCDEF123455B /* Project object */;
}
